# pyWork 依赖锁定文件 — 精确版本锁定
# 生成日期: 2026-05-20
# 使用方式: pip install -r requirements.lock
# 更新方式: pip install -r requirements.txt && pip freeze | grep -f <(sed 's/>=/==/' requirements.txt) > requirements.lock

fastapi==0.136.1
uvicorn==0.46.0
aiosqlite==0.22.1
Jinja2==3.1.6
pydantic==2.12.5
mcp==1.27.0
Markdown==3.10.2
aiohttp==3.13.3
pillow==12.1.1
python-multipart==0.0.27
cryptography==47.0.0
feedparser==6.0.12

# 传递依赖（自动解析，手动记录以确保可复现）
starlette==1.0.0
pydantic_core==2.41.5
pydantic-settings==2.14.0
sse-starlette==3.4.1
MarkupSafe==3.0.3
